
Microsoft Visual Studio Solution File, Format Version 12.00
# Visual Studio Version 16
VisualStudioVersion = 16.0.29025.244
MinimumVisualStudioVersion = 10.0.40219.1
Project("{FAE04EC0-301F-11D3-BF4B-00C04F79EFBC}") = "RESITALMVC.CORE", "RESITALMVC.CORE\RESITALMVC.CORE.csproj", "{894BD22F-1DD1-422E-8E4C-DE931F25A93E}"
EndProject
Project("{FAE04EC0-301F-11D3-BF4B-00C04F79EFBC}") = "RESITALMVC.DAL", "RESITALMVC.DAL\RESITALMVC.DAL.csproj", "{34D586FD-A985-4982-8502-0B413CD41910}"
EndProject
Project("{FAE04EC0-301F-11D3-BF4B-00C04F79EFBC}") = "RESITALMVC.MODEL", "RESITALMVC.MODEL\RESITALMVC.MODEL.csproj", "{658AEA4B-3C2B-40BB-8AF0-8D2069625526}"
EndProject
Project("{FAE04EC0-301F-11D3-BF4B-00C04F79EFBC}") = "RESITALMVC.MAP", "RESITALMVC.MAP\RESITALMVC.MAP.csproj", "{C2D9EA41-5718-4A3D-A3CC-CF59DA712B43}"
EndProject
Project("{FAE04EC0-301F-11D3-BF4B-00C04F79EFBC}") = "RESITALMVC.SERVICE", "RESITALMVC.SERVICE\RESITALMVC.SERVICE.csproj", "{B5CADCC1-996F-45A8-818D-68A65B9C37B3}"
EndProject
Project("{FAE04EC0-301F-11D3-BF4B-00C04F79EFBC}") = "RESITALMVC.WebUI", "RESITALMVC.WebUI\RESITALMVC.WebUI.csproj", "{3FB32268-C7B7-4A9C-8A70-B1E1F6D34F1B}"
EndProject
Global
	GlobalSection(SolutionConfigurationPlatforms) = preSolution
		Debug|Any CPU = Debug|Any CPU
		Release|Any CPU = Release|Any CPU
	EndGlobalSection
	GlobalSection(ProjectConfigurationPlatforms) = postSolution
		{894BD22F-1DD1-422E-8E4C-DE931F25A93E}.Debug|Any CPU.ActiveCfg = Debug|Any CPU
		{894BD22F-1DD1-422E-8E4C-DE931F25A93E}.Debug|Any CPU.Build.0 = Debug|Any CPU
		{894BD22F-1DD1-422E-8E4C-DE931F25A93E}.Release|Any CPU.ActiveCfg = Release|Any CPU
		{894BD22F-1DD1-422E-8E4C-DE931F25A93E}.Release|Any CPU.Build.0 = Release|Any CPU
		{34D586FD-A985-4982-8502-0B413CD41910}.Debug|Any CPU.ActiveCfg = Debug|Any CPU
		{34D586FD-A985-4982-8502-0B413CD41910}.Debug|Any CPU.Build.0 = Debug|Any CPU
		{34D586FD-A985-4982-8502-0B413CD41910}.Release|Any CPU.ActiveCfg = Release|Any CPU
		{34D586FD-A985-4982-8502-0B413CD41910}.Release|Any CPU.Build.0 = Release|Any CPU
		{658AEA4B-3C2B-40BB-8AF0-8D2069625526}.Debug|Any CPU.ActiveCfg = Debug|Any CPU
		{658AEA4B-3C2B-40BB-8AF0-8D2069625526}.Debug|Any CPU.Build.0 = Debug|Any CPU
		{658AEA4B-3C2B-40BB-8AF0-8D2069625526}.Release|Any CPU.ActiveCfg = Release|Any CPU
		{658AEA4B-3C2B-40BB-8AF0-8D2069625526}.Release|Any CPU.Build.0 = Release|Any CPU
		{C2D9EA41-5718-4A3D-A3CC-CF59DA712B43}.Debug|Any CPU.ActiveCfg = Debug|Any CPU
		{C2D9EA41-5718-4A3D-A3CC-CF59DA712B43}.Debug|Any CPU.Build.0 = Debug|Any CPU
		{C2D9EA41-5718-4A3D-A3CC-CF59DA712B43}.Release|Any CPU.ActiveCfg = Release|Any CPU
		{C2D9EA41-5718-4A3D-A3CC-CF59DA712B43}.Release|Any CPU.Build.0 = Release|Any CPU
		{B5CADCC1-996F-45A8-818D-68A65B9C37B3}.Debug|Any CPU.ActiveCfg = Debug|Any CPU
		{B5CADCC1-996F-45A8-818D-68A65B9C37B3}.Debug|Any CPU.Build.0 = Debug|Any CPU
		{B5CADCC1-996F-45A8-818D-68A65B9C37B3}.Release|Any CPU.ActiveCfg = Release|Any CPU
		{B5CADCC1-996F-45A8-818D-68A65B9C37B3}.Release|Any CPU.Build.0 = Release|Any CPU
		{3FB32268-C7B7-4A9C-8A70-B1E1F6D34F1B}.Debug|Any CPU.ActiveCfg = Debug|Any CPU
		{3FB32268-C7B7-4A9C-8A70-B1E1F6D34F1B}.Debug|Any CPU.Build.0 = Debug|Any CPU
		{3FB32268-C7B7-4A9C-8A70-B1E1F6D34F1B}.Release|Any CPU.ActiveCfg = Release|Any CPU
		{3FB32268-C7B7-4A9C-8A70-B1E1F6D34F1B}.Release|Any CPU.Build.0 = Release|Any CPU
	EndGlobalSection
	GlobalSection(SolutionProperties) = preSolution
		HideSolutionNode = FALSE
	EndGlobalSection
	GlobalSection(ExtensibilityGlobals) = postSolution
		SolutionGuid = {3577D8B0-4DB5-4F7B-B14B-9449671C3FDA}
	EndGlobalSection
EndGlobal
